
Microsoft Visual Studio Solution File, Format Version 12.00
# Visual Studio 14
VisualStudioVersion = 14.0.25420.1
MinimumVisualStudioVersion = 10.0.40219.1
Project("{FAE04EC0-301F-11D3-BF4B-00C04F79EFBC}") = "Nall", "Nall\Nall.csproj", "{ADEF748A-A54F-4304-A450-8ECB45BE847B}"
EndProject
Project("{FAE04EC0-301F-11D3-BF4B-00C04F79EFBC}") = "SuperGameBoy", "SuperGameBoy\SuperGameBoy.csproj", "{61CB9152-E7CE-4CFD-B48C-0538A1058A30}"
EndProject
Project("{FAE04EC0-301F-11D3-BF4B-00C04F79EFBC}") = "Snes", "Snes\Snes.csproj", "{77457716-D8F0-4D1D-9618-BA1FACCD5DA5}"
EndProject
Project("{FAE04EC0-301F-11D3-BF4B-00C04F79EFBC}") = "SnesBoxDesktop", "SnesBox\SnesBoxDesktop.csproj", "{C68867BE-27DE-48AB-B784-A18678781100}"
EndProject
Project("{FAE04EC0-301F-11D3-BF4B-00C04F79EFBC}") = "SnesBox.Content", "SnesBox.Content\SnesBox.Content.csproj", "{38C703C8-B19E-444D-A89D-C45181BF747F}"
EndProject
Global
	GlobalSection(SolutionConfigurationPlatforms) = preSolution
		Accuracy|Any CPU = Accuracy|Any CPU
		Compatibility|Any CPU = Compatibility|Any CPU
		Performance|Any CPU = Performance|Any CPU
	EndGlobalSection
	GlobalSection(ProjectConfigurationPlatforms) = postSolution
		{ADEF748A-A54F-4304-A450-8ECB45BE847B}.Accuracy|Any CPU.ActiveCfg = Accuracy|Any CPU
		{ADEF748A-A54F-4304-A450-8ECB45BE847B}.Accuracy|Any CPU.Build.0 = Accuracy|Any CPU
		{ADEF748A-A54F-4304-A450-8ECB45BE847B}.Compatibility|Any CPU.ActiveCfg = Compatibility|Any CPU
		{ADEF748A-A54F-4304-A450-8ECB45BE847B}.Compatibility|Any CPU.Build.0 = Compatibility|Any CPU
		{ADEF748A-A54F-4304-A450-8ECB45BE847B}.Performance|Any CPU.ActiveCfg = Performance|Any CPU
		{ADEF748A-A54F-4304-A450-8ECB45BE847B}.Performance|Any CPU.Build.0 = Performance|Any CPU
		{61CB9152-E7CE-4CFD-B48C-0538A1058A30}.Accuracy|Any CPU.ActiveCfg = Accuracy|Any CPU
		{61CB9152-E7CE-4CFD-B48C-0538A1058A30}.Accuracy|Any CPU.Build.0 = Accuracy|Any CPU
		{61CB9152-E7CE-4CFD-B48C-0538A1058A30}.Compatibility|Any CPU.ActiveCfg = Compatibility|Any CPU
		{61CB9152-E7CE-4CFD-B48C-0538A1058A30}.Compatibility|Any CPU.Build.0 = Compatibility|Any CPU
		{61CB9152-E7CE-4CFD-B48C-0538A1058A30}.Performance|Any CPU.ActiveCfg = Performance|Any CPU
		{61CB9152-E7CE-4CFD-B48C-0538A1058A30}.Performance|Any CPU.Build.0 = Performance|Any CPU
		{77457716-D8F0-4D1D-9618-BA1FACCD5DA5}.Accuracy|Any CPU.ActiveCfg = Accuracy|Any CPU
		{77457716-D8F0-4D1D-9618-BA1FACCD5DA5}.Accuracy|Any CPU.Build.0 = Accuracy|Any CPU
		{77457716-D8F0-4D1D-9618-BA1FACCD5DA5}.Compatibility|Any CPU.ActiveCfg = Compatibility|Any CPU
		{77457716-D8F0-4D1D-9618-BA1FACCD5DA5}.Compatibility|Any CPU.Build.0 = Compatibility|Any CPU
		{77457716-D8F0-4D1D-9618-BA1FACCD5DA5}.Performance|Any CPU.ActiveCfg = Performance|Any CPU
		{77457716-D8F0-4D1D-9618-BA1FACCD5DA5}.Performance|Any CPU.Build.0 = Performance|Any CPU
		{C68867BE-27DE-48AB-B784-A18678781100}.Accuracy|Any CPU.ActiveCfg = Accuracy|Any CPU
		{C68867BE-27DE-48AB-B784-A18678781100}.Accuracy|Any CPU.Build.0 = Accuracy|Any CPU
		{C68867BE-27DE-48AB-B784-A18678781100}.Compatibility|Any CPU.ActiveCfg = Compatibility|Any CPU
		{C68867BE-27DE-48AB-B784-A18678781100}.Compatibility|Any CPU.Build.0 = Compatibility|Any CPU
		{C68867BE-27DE-48AB-B784-A18678781100}.Performance|Any CPU.ActiveCfg = Performance|Any CPU
		{C68867BE-27DE-48AB-B784-A18678781100}.Performance|Any CPU.Build.0 = Performance|Any CPU
		{38C703C8-B19E-444D-A89D-C45181BF747F}.Accuracy|Any CPU.ActiveCfg = Accuracy|Any CPU
		{38C703C8-B19E-444D-A89D-C45181BF747F}.Accuracy|Any CPU.Build.0 = Accuracy|Any CPU
		{38C703C8-B19E-444D-A89D-C45181BF747F}.Compatibility|Any CPU.ActiveCfg = Compatibility|Any CPU
		{38C703C8-B19E-444D-A89D-C45181BF747F}.Compatibility|Any CPU.Build.0 = Compatibility|Any CPU
		{38C703C8-B19E-444D-A89D-C45181BF747F}.Performance|Any CPU.ActiveCfg = Performance|Any CPU
		{38C703C8-B19E-444D-A89D-C45181BF747F}.Performance|Any CPU.Build.0 = Performance|Any CPU
	EndGlobalSection
	GlobalSection(SolutionProperties) = preSolution
		HideSolutionNode = FALSE
	EndGlobalSection
EndGlobal
