
Microsoft Visual Studio Solution File, Format Version 12.00
# Visual Studio 14
VisualStudioVersion = 14.0.25420.1
MinimumVisualStudioVersion = 10.0.40219.1
Project("{FAE04EC0-301F-11D3-BF4B-00C04F79EFBC}") = "SnesBox.Desktop", "SnesBox.Desktop\SnesBox.Desktop.csproj", "{C8CCFE6D-EEE0-4E0D-AA25-E92AE9EBC3A0}"
EndProject
Project("{FAE04EC0-301F-11D3-BF4B-00C04F79EFBC}") = "Nall", "Nall\Nall.csproj", "{ADEF748A-A54F-4304-A450-8ECB45BE847B}"
EndProject
Project("{FAE04EC0-301F-11D3-BF4B-00C04F79EFBC}") = "Snes", "Snes\Snes.csproj", "{77457716-D8F0-4D1D-9618-BA1FACCD5DA5}"
EndProject
Project("{FAE04EC0-301F-11D3-BF4B-00C04F79EFBC}") = "SnesBox.Content", "SnesBox.Content\SnesBox.Content.csproj", "{38C703C8-B19E-444D-A89D-C45181BF747F}"
EndProject
Project("{FAE04EC0-301F-11D3-BF4B-00C04F79EFBC}") = "SuperGameBoy", "SuperGameBoy\SuperGameBoy.csproj", "{61CB9152-E7CE-4CFD-B48C-0538A1058A30}"
EndProject
Global
	GlobalSection(SolutionConfigurationPlatforms) = preSolution
		Debug|Any CPU = Debug|Any CPU
		Release|Any CPU = Release|Any CPU
	EndGlobalSection
	GlobalSection(ProjectConfigurationPlatforms) = postSolution
		{C8CCFE6D-EEE0-4E0D-AA25-E92AE9EBC3A0}.Debug|Any CPU.ActiveCfg = Debug|Any CPU
		{C8CCFE6D-EEE0-4E0D-AA25-E92AE9EBC3A0}.Debug|Any CPU.Build.0 = Debug|Any CPU
		{C8CCFE6D-EEE0-4E0D-AA25-E92AE9EBC3A0}.Release|Any CPU.ActiveCfg = Release|Any CPU
		{C8CCFE6D-EEE0-4E0D-AA25-E92AE9EBC3A0}.Release|Any CPU.Build.0 = Release|Any CPU
		{ADEF748A-A54F-4304-A450-8ECB45BE847B}.Debug|Any CPU.ActiveCfg = Debug|Any CPU
		{ADEF748A-A54F-4304-A450-8ECB45BE847B}.Debug|Any CPU.Build.0 = Debug|Any CPU
		{ADEF748A-A54F-4304-A450-8ECB45BE847B}.Release|Any CPU.ActiveCfg = Release|Any CPU
		{ADEF748A-A54F-4304-A450-8ECB45BE847B}.Release|Any CPU.Build.0 = Release|Any CPU
		{77457716-D8F0-4D1D-9618-BA1FACCD5DA5}.Debug|Any CPU.ActiveCfg = Debug|Any CPU
		{77457716-D8F0-4D1D-9618-BA1FACCD5DA5}.Debug|Any CPU.Build.0 = Debug|Any CPU
		{77457716-D8F0-4D1D-9618-BA1FACCD5DA5}.Release|Any CPU.ActiveCfg = Release|Any CPU
		{77457716-D8F0-4D1D-9618-BA1FACCD5DA5}.Release|Any CPU.Build.0 = Release|Any CPU
		{38C703C8-B19E-444D-A89D-C45181BF747F}.Debug|Any CPU.ActiveCfg = Debug|Any CPU
		{38C703C8-B19E-444D-A89D-C45181BF747F}.Debug|Any CPU.Build.0 = Debug|Any CPU
		{38C703C8-B19E-444D-A89D-C45181BF747F}.Release|Any CPU.ActiveCfg = Release|Any CPU
		{38C703C8-B19E-444D-A89D-C45181BF747F}.Release|Any CPU.Build.0 = Release|Any CPU
		{61CB9152-E7CE-4CFD-B48C-0538A1058A30}.Debug|Any CPU.ActiveCfg = Debug|Any CPU
		{61CB9152-E7CE-4CFD-B48C-0538A1058A30}.Debug|Any CPU.Build.0 = Debug|Any CPU
		{61CB9152-E7CE-4CFD-B48C-0538A1058A30}.Release|Any CPU.ActiveCfg = Release|Any CPU
		{61CB9152-E7CE-4CFD-B48C-0538A1058A30}.Release|Any CPU.Build.0 = Release|Any CPU
	EndGlobalSection
	GlobalSection(SolutionProperties) = preSolution
		HideSolutionNode = FALSE
	EndGlobalSection
EndGlobal
